lockfileVersion: '9.0'

settings:
  autoInstallPeers: false
  excludeLinksFromLockfile: false

importers:

  .:
    dependencies:
      '@his/approval-policy':
        specifier: link:../../../packages/approval-policy
        version: link:../../../packages/approval-policy
      '@his/domain-tools-dev':
        specifier: link:../../../packages/domain-tools-dev
        version: link:../../../packages/domain-tools-dev
      '@his/domain-tools-modeling':
        specifier: link:../../../packages/domain-tools-modeling
        version: link:../../../packages/domain-tools-modeling
      '@his/domain-tools-ontology':
        specifier: link:../../../packages/domain-tools-ontology
        version: link:../../../packages/domain-tools-ontology
      '@his/domain-tools-ops':
        specifier: link:../../../packages/domain-tools-ops
        version: link:../../../packages/domain-tools-ops
      '@his/ui-his-repo':
        specifier: link:../../../packages/ui-his-repo
        version: link:../../../packages/ui-his-repo
      '@his/workspace-anchor':
        specifier: link:../../../packages/workspace-anchor
        version: link:../../../packages/workspace-anchor
      '@his/workspace-repo':
        specifier: link:../../../packages/workspace-repo
        version: link:../../../packages/workspace-repo
